// !$*UTF8*$!
{
	archiveVersion = 1;
	classes = {
	};
	objectVersion = 56;
	objects = {

/* Begin PBXBuildFile section */
		E52A702C2A682748009770CD /* WelcView.swift in Sources */ = {isa = PBXBuildFile; fileRef = E52A702B2A682748009770CD /* WelcView.swift */; };
		E52A70302A685CC2009770CD /* Item.swift in Sources */ = {isa = PBXBuildFile; fileRef = E52A702F2A685CC2009770CD /* Item.swift */; };
		E53BCDC2298BAA0B00780748 /* Color-Theme.swift in Sources */ = {isa = PBXBuildFile; fileRef = E53BCDC1298BAA0B00780748 /* Color-Theme.swift */; };
		E5572F19298833B800367B92 /* MoonshotApp.swift in Sources */ = {isa = PBXBuildFile; fileRef = E5572F18298833B800367B92 /* MoonshotApp.swift */; };
		E5572F1B298833B800367B92 /* ContentView.swift in Sources */ = {isa = PBXBuildFile; fileRef = E5572F1A298833B800367B92 /* ContentView.swift */; };
		E5572F1D298833B900367B92 /* Assets.xcassets in Resources */ = {isa = PBXBuildFile; fileRef = E5572F1C298833B900367B92 /* Assets.xcassets */; };
		E5572F20298833B900367B92 /* Preview Assets.xcassets in Resources */ = {isa = PBXBuildFile; fileRef = E5572F1F298833B900367B92 /* Preview Assets.xcassets */; };
		E5572F272988340100367B92 /* OverView File in Resources */ = {isa = PBXBuildFile; fileRef = E5572F262988340100367B92 /* OverView File */; };
		E5608A39298A8D4C00E5741D /* Mission.swift in Sources */ = {isa = PBXBuildFile; fileRef = E5608A38298A8D4C00E5741D /* Mission.swift */; };
		E583A2B72A69818C00E62C31 /* ItemCard.swift in Sources */ = {isa = PBXBuildFile; fileRef = E583A2B62A69818C00E62C31 /* ItemCard.swift */; };
		E583A2B92A69A10700E62C31 /* itemDetailView.swift in Sources */ = {isa = PBXBuildFile; fileRef = E583A2B82A69A10700E62C31 /* itemDetailView.swift */; };
		E583A2BB2A69AA5600E62C31 /* HeaderView.swift in Sources */ = {isa = PBXBuildFile; fileRef = E583A2BA2A69AA5600E62C31 /* HeaderView.swift */; };
		E5AC05A5298A49D700BE49DA /* File in Resources */ = {isa = PBXBuildFile; fileRef = E5AC05A4298A49D600BE49DA /* File */; };
		E5AC05A8298A563800BE49DA /* missions.json in Resources */ = {isa = PBXBuildFile; fileRef = E5AC05A6298A563800BE49DA /* missions.json */; };
		E5AC05A9298A563800BE49DA /* astronauts.json in Resources */ = {isa = PBXBuildFile; fileRef = E5AC05A7298A563800BE49DA /* astronauts.json */; };
		E5AC05AB298A59D400BE49DA /* Astronaut.swift in Sources */ = {isa = PBXBuildFile; fileRef = E5AC05AA298A59D400BE49DA /* Astronaut.swift */; };
		E5AC05AD298A5B8200BE49DA /* Bundle-Decodable.swift in Sources */ = {isa = PBXBuildFile; fileRef = E5AC05AC298A5B8200BE49DA /* Bundle-Decodable.swift */; };
		E5B4A343298CECC300E30864 /* MissionView.swift in Sources */ = {isa = PBXBuildFile; fileRef = E5B4A342298CECC300E30864 /* MissionView.swift */; };
		E5B4A345298D516A00E30864 /* AstronautView.swift in Sources */ = {isa = PBXBuildFile; fileRef = E5B4A344298D516900E30864 /* AstronautView.swift */; };
		E5EEED142A6EC250009FECE7 /* SplashScreen.swift in Sources */ = {isa = PBXBuildFile; fileRef = E5EEED132A6EC250009FECE7 /* SplashScreen.swift */; };
		E5FDB7932A6B8BCD006E8AB9 /* Descriptions.swift in Sources */ = {isa = PBXBuildFile; fileRef = E5FDB7922A6B8BCD006E8AB9 /* Descriptions.swift */; };
/* End PBXBuildFile section */

/* Begin PBXFileReference section */
		E52A702B2A682748009770CD /* WelcView.swift */ = {isa = PBXFileReference; lastKnownFileType = sourcecode.swift; path = WelcView.swift; sourceTree = "<group>"; };
		E52A702F2A685CC2009770CD /* Item.swift */ = {isa = PBXFileReference; lastKnownFileType = sourcecode.swift; path = Item.swift; sourceTree = "<group>"; };
		E53BCDC1298BAA0B00780748 /* Color-Theme.swift */ = {isa = PBXFileReference; lastKnownFileType = sourcecode.swift; path = "Color-Theme.swift"; sourceTree = "<group>"; };
		E5572F15298833B800367B92 /* Moonshot.app */ = {isa = PBXFileReference; explicitFileType = wrapper.application; includeInIndex = 0; path = Moonshot.app; sourceTree = BUILT_PRODUCTS_DIR; };
		E5572F18298833B800367B92 /* MoonshotApp.swift */ = {isa = PBXFileReference; lastKnownFileType = sourcecode.swift; path = MoonshotApp.swift; sourceTree = "<group>"; };
		E5572F1A298833B800367B92 /* ContentView.swift */ = {isa = PBXFileReference; lastKnownFileType = sourcecode.swift; path = ContentView.swift; sourceTree = "<group>"; };
		E5572F1C298833B900367B92 /* Assets.xcassets */ = {isa = PBXFileReference; lastKnownFileType = folder.assetcatalog; path = Assets.xcassets; sourceTree = "<group>"; };
		E5572F1F298833B900367B92 /* Preview Assets.xcassets */ = {isa = PBXFileReference; lastKnownFileType = folder.assetcatalog; path = "Preview Assets.xcassets"; sourceTree = "<group>"; };
		E5572F262988340100367B92 /* OverView File */ = {isa = PBXFileReference; lastKnownFileType = text; path = "OverView File"; sourceTree = "<group>"; };
		E5608A38298A8D4C00E5741D /* Mission.swift */ = {isa = PBXFileReference; lastKnownFileType = sourcecode.swift; path = Mission.swift; sourceTree = "<group>"; };
		E583A2B62A69818C00E62C31 /* ItemCard.swift */ = {isa = PBXFileReference; lastKnownFileType = sourcecode.swift; path = ItemCard.swift; sourceTree = "<group>"; };
		E583A2B82A69A10700E62C31 /* itemDetailView.swift */ = {isa = PBXFileReference; lastKnownFileType = sourcecode.swift; path = itemDetailView.swift; sourceTree = "<group>"; };
		E583A2BA2A69AA5600E62C31 /* HeaderView.swift */ = {isa = PBXFileReference; lastKnownFileType = sourcecode.swift; path = HeaderView.swift; sourceTree = "<group>"; };
		E5AC05A4298A49D600BE49DA /* File */ = {isa = PBXFileReference; lastKnownFileType = text; path = File; sourceTree = "<group>"; };
		E5AC05A6298A563800BE49DA /* missions.json */ = {isa = PBXFileReference; fileEncoding = 4; lastKnownFileType = text.json; path = missions.json; sourceTree = "<group>"; };
		E5AC05A7298A563800BE49DA /* astronauts.json */ = {isa = PBXFileReference; fileEncoding = 4; lastKnownFileType = text.json; path = astronauts.json; sourceTree = "<group>"; };
		E5AC05AA298A59D400BE49DA /* Astronaut.swift */ = {isa = PBXFileReference; lastKnownFileType = sourcecode.swift; path = Astronaut.swift; sourceTree = "<group>"; };
		E5AC05AC298A5B8200BE49DA /* Bundle-Decodable.swift */ = {isa = PBXFileReference; lastKnownFileType = sourcecode.swift; path = "Bundle-Decodable.swift"; sourceTree = "<group>"; };
		E5B4A342298CECC300E30864 /* MissionView.swift */ = {isa = PBXFileReference; lastKnownFileType = sourcecode.swift; path = MissionView.swift; sourceTree = "<group>"; };
		E5B4A344298D516900E30864 /* AstronautView.swift */ = {isa = PBXFileReference; lastKnownFileType = sourcecode.swift; path = AstronautView.swift; sourceTree = "<group>"; };
		E5EEED132A6EC250009FECE7 /* SplashScreen.swift */ = {isa = PBXFileReference; lastKnownFileType = sourcecode.swift; path = SplashScreen.swift; sourceTree = "<group>"; };
		E5FDB7922A6B8BCD006E8AB9 /* Descriptions.swift */ = {isa = PBXFileReference; lastKnownFileType = sourcecode.swift; path = Descriptions.swift; sourceTree = "<group>"; };
/* End PBXFileReference section */

/* Begin PBXFrameworksBuildPhase section */
		E5572F12298833B800367B92 /* Frameworks */ = {
			isa = PBXFrameworksBuildPhase;
			buildActionMask = 2147483647;
			files = (
			);
			runOnlyForDeploymentPostprocessing = 0;
		};
/* End PBXFrameworksBuildPhase section */

/* Begin PBXGroup section */
		E5572F0C298833B800367B92 = {
			isa = PBXGroup;
			children = (
				E5572F17298833B800367B92 /* Moonshot */,
				E5572F16298833B800367B92 /* Products */,
			);
			sourceTree = "<group>";
		};
		E5572F16298833B800367B92 /* Products */ = {
			isa = PBXGroup;
			children = (
				E5572F15298833B800367B92 /* Moonshot.app */,
			);
			name = Products;
			sourceTree = "<group>";
		};
		E5572F17298833B800367B92 /* Moonshot */ = {
			isa = PBXGroup;
			children = (
				E5572F18298833B800367B92 /* MoonshotApp.swift */,
				E5BF7AB629A48663005FE6B6 /* Resources */,
				E5BF7AB529A48658005FE6B6 /* View */,
				E5BF7AB429A4863C005FE6B6 /* Model */,
				E5BF7AB729A48684005FE6B6 /* Tutorials */,
				E5572F1E298833B900367B92 /* Preview Content */,
			);
			path = Moonshot;
			sourceTree = "<group>";
		};
		E5572F1E298833B900367B92 /* Preview Content */ = {
			isa = PBXGroup;
			children = (
				E5572F1F298833B900367B92 /* Preview Assets.xcassets */,
			);
			path = "Preview Content";
			sourceTree = "<group>";
		};
		E5BF7AB429A4863C005FE6B6 /* Model */ = {
			isa = PBXGroup;
			children = (
				E53BCDC1298BAA0B00780748 /* Color-Theme.swift */,
				E5AC05AA298A59D400BE49DA /* Astronaut.swift */,
				E5FDB7922A6B8BCD006E8AB9 /* Descriptions.swift */,
				E52A702F2A685CC2009770CD /* Item.swift */,
				E5AC05AC298A5B8200BE49DA /* Bundle-Decodable.swift */,
				E5608A38298A8D4C00E5741D /* Mission.swift */,
			);
			path = Model;
			sourceTree = "<group>";
		};
		E5BF7AB529A48658005FE6B6 /* View */ = {
			isa = PBXGroup;
			children = (
				E5572F1A298833B800367B92 /* ContentView.swift */,
				E5B4A344298D516900E30864 /* AstronautView.swift */,
				E52A702B2A682748009770CD /* WelcView.swift */,
				E583A2B82A69A10700E62C31 /* itemDetailView.swift */,
				E583A2BA2A69AA5600E62C31 /* HeaderView.swift */,
				E583A2B62A69818C00E62C31 /* ItemCard.swift */,
				E5B4A342298CECC300E30864 /* MissionView.swift */,
			);
			path = View;
			sourceTree = "<group>";
		};
		E5BF7AB629A48663005FE6B6 /* Resources */ = {
			isa = PBXGroup;
			children = (
				E5EEED132A6EC250009FECE7 /* SplashScreen.swift */,
				E5572F1C298833B900367B92 /* Assets.xcassets */,
				E5AC05A7298A563800BE49DA /* astronauts.json */,
				E5AC05A6298A563800BE49DA /* missions.json */,
			);
			path = Resources;
			sourceTree = "<group>";
		};
		E5BF7AB729A48684005FE6B6 /* Tutorials */ = {
			isa = PBXGroup;
			children = (
				E5AC05A4298A49D600BE49DA /* File */,
				E5572F262988340100367B92 /* OverView File */,
			);
			path = Tutorials;
			sourceTree = "<group>";
		};
/* End PBXGroup section */

/* Begin PBXNativeTarget section */
		E5572F14298833B800367B92 /* Moonshot */ = {
			isa = PBXNativeTarget;
			buildConfigurationList = E5572F23298833B900367B92 /* Build configuration list for PBXNativeTarget "Moonshot" */;
			buildPhases = (
				E5572F11298833B800367B92 /* Sources */,
				E5572F12298833B800367B92 /* Frameworks */,
				E5572F13298833B800367B92 /* Resources */,
			);
			buildRules = (
			);
			dependencies = (
			);
			name = Moonshot;
			productName = Moonshot;
			productReference = E5572F15298833B800367B92 /* Moonshot.app */;
			productType = "com.apple.product-type.application";
		};
/* End PBXNativeTarget section */

/* Begin PBXProject section */
		E5572F0D298833B800367B92 /* Project object */ = {
			isa = PBXProject;
			attributes = {
				BuildIndependentTargetsInParallel = 1;
				LastSwiftUpdateCheck = 1410;
				LastUpgradeCheck = 1410;
				TargetAttributes = {
					E5572F14298833B800367B92 = {
						CreatedOnToolsVersion = 14.1;
					};
				};
			};
			buildConfigurationList = E5572F10298833B800367B92 /* Build configuration list for PBXProject "Moonshot" */;
			compatibilityVersion = "Xcode 14.0";
			developmentRegion = en;
			hasScannedForEncodings = 0;
			knownRegions = (
				en,
				Base,
			);
			mainGroup = E5572F0C298833B800367B92;
			productRefGroup = E5572F16298833B800367B92 /* Products */;
			projectDirPath = "";
			projectRoot = "";
			targets = (
				E5572F14298833B800367B92 /* Moonshot */,
			);
		};
/* End PBXProject section */

/* Begin PBXResourcesBuildPhase section */
		E5572F13298833B800367B92 /* Resources */ = {
			isa = PBXResourcesBuildPhase;
			buildActionMask = 2147483647;
			files = (
				E5572F20298833B900367B92 /* Preview Assets.xcassets in Resources */,
				E5AC05A8298A563800BE49DA /* missions.json in Resources */,
				E5572F1D298833B900367B92 /* Assets.xcassets in Resources */,
				E5AC05A9298A563800BE49DA /* astronauts.json in Resources */,
				E5572F272988340100367B92 /* OverView File in Resources */,
				E5AC05A5298A49D700BE49DA /* File in Resources */,
			);
			runOnlyForDeploymentPostprocessing = 0;
		};
/* End PBXResourcesBuildPhase section */

/* Begin PBXSourcesBuildPhase section */
		E5572F11298833B800367B92 /* Sources */ = {
			isa = PBXSourcesBuildPhase;
			buildActionMask = 2147483647;
			files = (
				E5EEED142A6EC250009FECE7 /* SplashScreen.swift in Sources */,
				E5B4A343298CECC300E30864 /* MissionView.swift in Sources */,
				E5AC05AB298A59D400BE49DA /* Astronaut.swift in Sources */,
				E5B4A345298D516A00E30864 /* AstronautView.swift in Sources */,
				E52A70302A685CC2009770CD /* Item.swift in Sources */,
				E53BCDC2298BAA0B00780748 /* Color-Theme.swift in Sources */,
				E5572F1B298833B800367B92 /* ContentView.swift in Sources */,
				E5572F19298833B800367B92 /* MoonshotApp.swift in Sources */,
				E5608A39298A8D4C00E5741D /* Mission.swift in Sources */,
				E583A2B92A69A10700E62C31 /* itemDetailView.swift in Sources */,
				E52A702C2A682748009770CD /* WelcView.swift in Sources */,
				E5AC05AD298A5B8200BE49DA /* Bundle-Decodable.swift in Sources */,
				E583A2B72A69818C00E62C31 /* ItemCard.swift in Sources */,
				E5FDB7932A6B8BCD006E8AB9 /* Descriptions.swift in Sources */,
				E583A2BB2A69AA5600E62C31 /* HeaderView.swift in Sources */,
			);
			runOnlyForDeploymentPostprocessing = 0;
		};
/* End PBXSourcesBuildPhase section */

/* Begin XCBuildConfiguration section */
		E5572F21298833B900367B92 /* Debug */ = {
			isa = XCBuildConfiguration;
			buildSettings = {
				ALWAYS_SEARCH_USER_PATHS = NO;
				CLANG_ANALYZER_NONNULL = YES;
				CLANG_ANALYZER_NUMBER_OBJECT_CONVERSION = YES_AGGRESSIVE;
				CLANG_CXX_LANGUAGE_STANDARD = "gnu++20";
				CLANG_ENABLE_MODULES = YES;
				CLANG_ENABLE_OBJC_ARC = YES;
				CLANG_ENABLE_OBJC_WEAK = YES;
				CLANG_WARN_BLOCK_CAPTURE_AUTORELEASING = YES;
				CLANG_WARN_BOOL_CONVERSION = YES;
				CLANG_WARN_COMMA = YES;
				CLANG_WARN_CONSTANT_CONVERSION = YES;
				CLANG_WARN_DEPRECATED_OBJC_IMPLEMENTATIONS = YES;
				CLANG_WARN_DIRECT_OBJC_ISA_USAGE = YES_ERROR;
				CLANG_WARN_DOCUMENTATION_COMMENTS = YES;
				CLANG_WARN_EMPTY_BODY = YES;
				CLANG_WARN_ENUM_CONVERSION = YES;
				CLANG_WARN_INFINITE_RECURSION = YES;
				CLANG_WARN_INT_CONVERSION = YES;
				CLANG_WARN_NON_LITERAL_NULL_CONVERSION = YES;
				CLANG_WARN_OBJC_IMPLICIT_RETAIN_SELF = YES;
				CLANG_WARN_OBJC_LITERAL_CONVERSION = YES;
				CLANG_WARN_OBJC_ROOT_CLASS = YES_ERROR;
				CLANG_WARN_QUOTED_INCLUDE_IN_FRAMEWORK_HEADER = YES;
				CLANG_WARN_RANGE_LOOP_ANALYSIS = YES;
				CLANG_WARN_STRICT_PROTOTYPES = YES;
				CLANG_WARN_SUSPICIOUS_MOVE = YES;
				CLANG_WARN_UNGUARDED_AVAILABILITY = YES_AGGRESSIVE;
				CLANG_WARN_UNREACHABLE_CODE = YES;
				CLANG_WARN__DUPLICATE_METHOD_MATCH = YES;
				COPY_PHASE_STRIP = NO;
				DEBUG_INFORMATION_FORMAT = dwarf;
				ENABLE_STRICT_OBJC_MSGSEND = YES;
				ENABLE_TESTABILITY = YES;
				GCC_C_LANGUAGE_STANDARD = gnu11;
				GCC_DYNAMIC_NO_PIC = NO;
				GCC_NO_COMMON_BLOCKS = YES;
				GCC_OPTIMIZATION_LEVEL = 0;
				GCC_PREPROCESSOR_DEFINITIONS = (
					"DEBUG=1",
					"$(inherited)",
				);
				GCC_WARN_64_TO_32_BIT_CONVERSION = YES;
				GCC_WARN_ABOUT_RETURN_TYPE = YES_ERROR;
				GCC_WARN_UNDECLARED_SELECTOR = YES;
				GCC_WARN_UNINITIALIZED_AUTOS = YES_AGGRESSIVE;
				GCC_WARN_UNUSED_FUNCTION = YES;
				GCC_WARN_UNUSED_VARIABLE = YES;
				IPHONEOS_DEPLOYMENT_TARGET = 16.1;
				MTL_ENABLE_DEBUG_INFO = INCLUDE_SOURCE;
				MTL_FAST_MATH = YES;
				ONLY_ACTIVE_ARCH = YES;
				SDKROOT = iphoneos;
				SWIFT_ACTIVE_COMPILATION_CONDITIONS = DEBUG;
				SWIFT_OPTIMIZATION_LEVEL = "-Onone";
			};
			name = Debug;
		};
		E5572F22298833B900367B92 /* Release */ = {
			isa = XCBuildConfiguration;
			buildSettings = {
				ALWAYS_SEARCH_USER_PATHS = NO;
				CLANG_ANALYZER_NONNULL = YES;
				CLANG_ANALYZER_NUMBER_OBJECT_CONVERSION = YES_AGGRESSIVE;
				CLANG_CXX_LANGUAGE_STANDARD = "gnu++20";
				CLANG_ENABLE_MODULES = YES;
				CLANG_ENABLE_OBJC_ARC = YES;
				CLANG_ENABLE_OBJC_WEAK = YES;
				CLANG_WARN_BLOCK_CAPTURE_AUTORELEASING = YES;
				CLANG_WARN_BOOL_CONVERSION = YES;
				CLANG_WARN_COMMA = YES;
				CLANG_WARN_CONSTANT_CONVERSION = YES;
				CLANG_WARN_DEPRECATED_OBJC_IMPLEMENTATIONS = YES;
				CLANG_WARN_DIRECT_OBJC_ISA_USAGE = YES_ERROR;
				CLANG_WARN_DOCUMENTATION_COMMENTS = YES;
				CLANG_WARN_EMPTY_BODY = YES;
				CLANG_WARN_ENUM_CONVERSION = YES;
				CLANG_WARN_INFINITE_RECURSION = YES;
				CLANG_WARN_INT_CONVERSION = YES;
				CLANG_WARN_NON_LITERAL_NULL_CONVERSION = YES;
				CLANG_WARN_OBJC_IMPLICIT_RETAIN_SELF = YES;
				CLANG_WARN_OBJC_LITERAL_CONVERSION = YES;
				CLANG_WARN_OBJC_ROOT_CLASS = YES_ERROR;
				CLANG_WARN_QUOTED_INCLUDE_IN_FRAMEWORK_HEADER = YES;
				CLANG_WARN_RANGE_LOOP_ANALYSIS = YES;
				CLANG_WARN_STRICT_PROTOTYPES = YES;
				CLANG_WARN_SUSPICIOUS_MOVE = YES;
				CLANG_WARN_UNGUARDED_AVAILABILITY = YES_AGGRESSIVE;
				CLANG_WARN_UNREACHABLE_CODE = YES;
				CLANG_WARN__DUPLICATE_METHOD_MATCH = YES;
				COPY_PHASE_STRIP = NO;
				DEBUG_INFORMATION_FORMAT = "dwarf-with-dsym";
				ENABLE_NS_ASSERTIONS = NO;
				ENABLE_STRICT_OBJC_MSGSEND = YES;
				GCC_C_LANGUAGE_STANDARD = gnu11;
				GCC_NO_COMMON_BLOCKS = YES;
				GCC_WARN_64_TO_32_BIT_CONVERSION = YES;
				GCC_WARN_ABOUT_RETURN_TYPE = YES_ERROR;
				GCC_WARN_UNDECLARED_SELECTOR = YES;
				GCC_WARN_UNINITIALIZED_AUTOS = YES_AGGRESSIVE;
				GCC_WARN_UNUSED_FUNCTION = YES;
				GCC_WARN_UNUSED_VARIABLE = YES;
				IPHONEOS_DEPLOYMENT_TARGET = 16.1;
				MTL_ENABLE_DEBUG_INFO = NO;
				MTL_FAST_MATH = YES;
				SDKROOT = iphoneos;
				SWIFT_COMPILATION_MODE = wholemodule;
				SWIFT_OPTIMIZATION_LEVEL = "-O";
				VALIDATE_PRODUCT = YES;
			};
			name = Release;
		};
		E5572F24298833B900367B92 /* Debug */ = {
			isa = XCBuildConfiguration;
			buildSettings = {
				ASSETCATALOG_COMPILER_APPICON_NAME = AppIcon;
				ASSETCATALOG_COMPILER_GLOBAL_ACCENT_COLOR_NAME = AccentColor;
				CODE_SIGN_STYLE = Automatic;
				CURRENT_PROJECT_VERSION = 1;
				DEVELOPMENT_ASSET_PATHS = "\"Moonshot/Preview Content\"";
				DEVELOPMENT_TEAM = QR233K8R9C;
				ENABLE_PREVIEWS = YES;
				GENERATE_INFOPLIST_FILE = YES;
				INFOPLIST_KEY_UIApplicationSceneManifest_Generation = YES;
				INFOPLIST_KEY_UIApplicationSupportsIndirectInputEvents = YES;
				INFOPLIST_KEY_UILaunchScreen_Generation = YES;
				INFOPLIST_KEY_UISupportedInterfaceOrientations_iPad = "UIInterfaceOrientationPortrait UIInterfaceOrientationPortraitUpsideDown UIInterfaceOrientationLandscapeLeft UIInterfaceOrientationLandscapeRight";
				INFOPLIST_KEY_UISupportedInterfaceOrientations_iPhone = "UIInterfaceOrientationPortrait UIInterfaceOrientationLandscapeLeft UIInterfaceOrientationLandscapeRight";
				LD_RUNPATH_SEARCH_PATHS = (
					"$(inherited)",
					"@executable_path/Frameworks",
				);
				MARKETING_VERSION = 1.0;
				PRODUCT_BUNDLE_IDENTIFIER = com.yashraj.Moonshot;
				PRODUCT_NAME = "$(TARGET_NAME)";
				SWIFT_EMIT_LOC_STRINGS = YES;
				SWIFT_VERSION = 5.0;
				TARGETED_DEVICE_FAMILY = "1,2";
			};
			name = Debug;
		};
		E5572F25298833B900367B92 /* Release */ = {
			isa = XCBuildConfiguration;
			buildSettings = {
				ASSETCATALOG_COMPILER_APPICON_NAME = AppIcon;
				ASSETCATALOG_COMPILER_GLOBAL_ACCENT_COLOR_NAME = AccentColor;
				CODE_SIGN_STYLE = Automatic;
				CURRENT_PROJECT_VERSION = 1;
				DEVELOPMENT_ASSET_PATHS = "\"Moonshot/Preview Content\"";
				DEVELOPMENT_TEAM = QR233K8R9C;
				ENABLE_PREVIEWS = YES;
				GENERATE_INFOPLIST_FILE = YES;
				INFOPLIST_KEY_UIApplicationSceneManifest_Generation = YES;
				INFOPLIST_KEY_UIApplicationSupportsIndirectInputEvents = YES;
				INFOPLIST_KEY_UILaunchScreen_Generation = YES;
				INFOPLIST_KEY_UISupportedInterfaceOrientations_iPad = "UIInterfaceOrientationPortrait UIInterfaceOrientationPortraitUpsideDown UIInterfaceOrientationLandscapeLeft UIInterfaceOrientationLandscapeRight";
				INFOPLIST_KEY_UISupportedInterfaceOrientations_iPhone = "UIInterfaceOrientationPortrait UIInterfaceOrientationLandscapeLeft UIInterfaceOrientationLandscapeRight";
				LD_RUNPATH_SEARCH_PATHS = (
					"$(inherited)",
					"@executable_path/Frameworks",
				);
				MARKETING_VERSION = 1.0;
				PRODUCT_BUNDLE_IDENTIFIER = com.yashraj.Moonshot;
				PRODUCT_NAME = "$(TARGET_NAME)";
				SWIFT_EMIT_LOC_STRINGS = YES;
				SWIFT_VERSION = 5.0;
				TARGETED_DEVICE_FAMILY = "1,2";
			};
			name = Release;
		};
/* End XCBuildConfiguration section */

/* Begin XCConfigurationList section */
		E5572F10298833B800367B92 /* Build configuration list for PBXProject "Moonshot" */ = {
			isa = XCConfigurationList;
			buildConfigurations = (
				E5572F21298833B900367B92 /* Debug */,
				E5572F22298833B900367B92 /* Release */,
			);
			defaultConfigurationIsVisible = 0;
			defaultConfigurationName = Release;
		};
		E5572F23298833B900367B92 /* Build configuration list for PBXNativeTarget "Moonshot" */ = {
			isa = XCConfigurationList;
			buildConfigurations = (
				E5572F24298833B900367B92 /* Debug */,
				E5572F25298833B900367B92 /* Release */,
			);
			defaultConfigurationIsVisible = 0;
			defaultConfigurationName = Release;
		};
/* End XCConfigurationList section */
	};
	rootObject = E5572F0D298833B800367B92 /* Project object */;
}
